
Microsoft Visual Studio Solution File, Format Version 12.00
# Visual Studio 2012
Project("{FAE04EC0-301F-11D3-BF4B-00C04F79EFBC}") = "GitCursus2", "GitCursus2\GitCursus2.csproj", "{202F3701-8063-4254-A108-10FA9FB2CF4C}"
EndProject
Global
	GlobalSection(SolutionConfigurationPlatforms) = preSolution
		Debug|Any CPU = Debug|Any CPU
		Release|Any CPU = Release|Any CPU
	EndGlobalSection
	GlobalSection(ProjectConfigurationPlatforms) = postSolution
		{202F3701-8063-4254-A108-10FA9FB2CF4C}.Debug|Any CPU.ActiveCfg = Debug|Any CPU
		{202F3701-8063-4254-A108-10FA9FB2CF4C}.Debug|Any CPU.Build.0 = Debug|Any CPU
		{202F3701-8063-4254-A108-10FA9FB2CF4C}.Release|Any CPU.ActiveCfg = Release|Any CPU
		{202F3701-8063-4254-A108-10FA9FB2CF4C}.Release|Any CPU.Build.0 = Release|Any CPU
	EndGlobalSection
	GlobalSection(SolutionProperties) = preSolution
		HideSolutionNode = FALSE
	EndGlobalSection
EndGlobal
